
Microsoft Visual Studio Solution File, Format Version 12.00
# Visual Studio Version 16
VisualStudioVersion = 16.0.31729.503
MinimumVisualStudioVersion = 10.0.40219.1
Project("{F184B08F-C81C-45F6-A57F-5ABD9991F28F}") = "scep", "scep.vbproj", "{A2A9B4FE-8374-458B-B2A0-3D22856C757C}"
EndProject
Global
	GlobalSection(SolutionConfigurationPlatforms) = preSolution
		Debug|Any CPU = Debug|Any CPU
		Release|Any CPU = Release|Any CPU
	EndGlobalSection
	GlobalSection(ProjectConfigurationPlatforms) = postSolution
		{A2A9B4FE-8374-458B-B2A0-3D22856C757C}.Debug|Any CPU.ActiveCfg = Debug|Any CPU
		{A2A9B4FE-8374-458B-B2A0-3D22856C757C}.Debug|Any CPU.Build.0 = Debug|Any CPU
		{A2A9B4FE-8374-458B-B2A0-3D22856C757C}.Release|Any CPU.ActiveCfg = Release|Any CPU
		{A2A9B4FE-8374-458B-B2A0-3D22856C757C}.Release|Any CPU.Build.0 = Release|Any CPU
	EndGlobalSection
	GlobalSection(SolutionProperties) = preSolution
		HideSolutionNode = FALSE
	EndGlobalSection
	GlobalSection(ExtensibilityGlobals) = postSolution
		SolutionGuid = {6326A04A-952C-4DA4-9592-A44D6E4708EB}
	EndGlobalSection
EndGlobal
